<?xml version="1.0" encoding="utf-8"?>
<Project ToolsVersion="4.0" xmlns="http://schemas.microsoft.com/developer/msbuild/2003">
  <ItemGroup>
    <ClCompile Include="crypto.cpp" />
    <ClCompile Include="Enclave_t.c" />
    <ClCompile Include="instance.cpp" />
    <ClCompile Include="sysutils.cpp" />
    <ClCompile Include="word_count.cpp" />
    <ClCompile Include="..\..\common\network\network.cpp">
      <Filter>common\network</Filter>
    </ClCompile>
    <ClCompile Include="..\..\common\network\request.cpp">
      <Filter>common\network</Filter>
    </ClCompile>
    <ClCompile Include="..\..\common\network\response.cpp">
      <Filter>common\network</Filter>
    </ClCompile>
    <ClCompile Include="dedup_service.cpp" />
  </ItemGroup>
  <ItemGroup>
    <ClInclude Include="crypto.h" />
    <ClInclude Include="Enclave_t.h" />
    <ClInclude Include="function.h" />
    <ClInclude Include="sysutils.h" />
    <ClInclude Include="word_count.h" />
    <ClInclude Include="..\..\common\config.h">
      <Filter>common</Filter>
    </ClInclude>
    <ClInclude Include="..\..\common\data_type.h">
      <Filter>common</Filter>
    </ClInclude>
    <ClInclude Include="..\..\common\network\network.h">
      <Filter>common\network</Filter>
    </ClInclude>
    <ClInclude Include="..\..\common\network\request.h">
      <Filter>common\network</Filter>
    </ClInclude>
    <ClInclude Include="..\..\common\network\response.h">
      <Filter>common\network</Filter>
    </ClInclude>
    <ClInclude Include="dedup_service.h" />
  </ItemGroup>
  <ItemGroup>
    <Xml Include="Enclave.config.xml" />
  </ItemGroup>
  <ItemGroup>
    <None Include="Enclave.edl" />
    <None Include="Enclave.lds" />
  </ItemGroup>
  <ItemGroup>
    <Filter Include="common">
      <UniqueIdentifier>{d5ea6a85-d049-4ac0-b1d5-3382e7af0b3c}</UniqueIdentifier>
    </Filter>
    <Filter Include="common\network">
      <UniqueIdentifier>{9c2e5c19-1c46-4e12-a62a-f413a59b78c2}</UniqueIdentifier>
    </Filter>
  </ItemGroup>
</Project>