
Microsoft Visual Studio Solution File, Format Version 12.00
# Visual Studio 14
VisualStudioVersion = 14.0.25420.1
MinimumVisualStudioVersion = 10.0.40219.1
Project("{8BC9CEB8-8B4A-11D0-8D11-00A0C91BC942}") = "enclave", "enclave\enclave.vcxproj", "{7701A9E2-4079-4D30-8FC2-26C887534835}"
EndProject
Project("{8BC9CEB8-8B4A-11D0-8D11-00A0C91BC942}") = "host", "host\host.vcxproj", "{09283E8F-167A-4C03-A7CB-9002C4667F6B}"
EndProject
Project("{2150E333-8FDC-42A3-9474-1A3956D46DE8}") = "common", "common", "{D5D34B7E-1FB6-43F3-8B96-FE861317AA12}"
	ProjectSection(SolutionItems) = preProject
		..\common\config.h = ..\common\config.h
		..\common\data_type.h = ..\common\data_type.h
	EndProjectSection
EndProject
Project("{2150E333-8FDC-42A3-9474-1A3956D46DE8}") = "network", "network", "{C80951EC-02CE-44AC-BEE0-6720A69E1E48}"
	ProjectSection(SolutionItems) = preProject
		..\common\network\client.cpp = ..\common\network\client.cpp
		..\common\network\Makefile = ..\common\network\Makefile
		..\common\network\network.cpp = ..\common\network\network.cpp
		..\common\network\network.h = ..\common\network\network.h
		..\common\network\request.cpp = ..\common\network\request.cpp
		..\common\network\request.h = ..\common\network\request.h
		..\common\network\response.cpp = ..\common\network\response.cpp
		..\common\network\response.h = ..\common\network\response.h
		..\common\network\server.cpp = ..\common\network\server.cpp
	EndProjectSection
EndProject
Global
	GlobalSection(SolutionConfigurationPlatforms) = preSolution
		Debug|ARM = Debug|ARM
		Debug|x64 = Debug|x64
		Debug|x86 = Debug|x86
		Release|ARM = Release|ARM
		Release|x64 = Release|x64
		Release|x86 = Release|x86
	EndGlobalSection
	GlobalSection(ProjectConfigurationPlatforms) = postSolution
		{7701A9E2-4079-4D30-8FC2-26C887534835}.Debug|ARM.ActiveCfg = Debug|ARM
		{7701A9E2-4079-4D30-8FC2-26C887534835}.Debug|ARM.Build.0 = Debug|ARM
		{7701A9E2-4079-4D30-8FC2-26C887534835}.Debug|x64.ActiveCfg = Debug|x64
		{7701A9E2-4079-4D30-8FC2-26C887534835}.Debug|x64.Build.0 = Debug|x64
		{7701A9E2-4079-4D30-8FC2-26C887534835}.Debug|x86.ActiveCfg = Debug|x86
		{7701A9E2-4079-4D30-8FC2-26C887534835}.Debug|x86.Build.0 = Debug|x86
		{7701A9E2-4079-4D30-8FC2-26C887534835}.Release|ARM.ActiveCfg = Release|ARM
		{7701A9E2-4079-4D30-8FC2-26C887534835}.Release|ARM.Build.0 = Release|ARM
		{7701A9E2-4079-4D30-8FC2-26C887534835}.Release|x64.ActiveCfg = Release|x64
		{7701A9E2-4079-4D30-8FC2-26C887534835}.Release|x64.Build.0 = Release|x64
		{7701A9E2-4079-4D30-8FC2-26C887534835}.Release|x86.ActiveCfg = Release|x86
		{7701A9E2-4079-4D30-8FC2-26C887534835}.Release|x86.Build.0 = Release|x86
		{09283E8F-167A-4C03-A7CB-9002C4667F6B}.Debug|ARM.ActiveCfg = Debug|ARM
		{09283E8F-167A-4C03-A7CB-9002C4667F6B}.Debug|ARM.Build.0 = Debug|ARM
		{09283E8F-167A-4C03-A7CB-9002C4667F6B}.Debug|x64.ActiveCfg = Debug|x64
		{09283E8F-167A-4C03-A7CB-9002C4667F6B}.Debug|x64.Build.0 = Debug|x64
		{09283E8F-167A-4C03-A7CB-9002C4667F6B}.Debug|x86.ActiveCfg = Debug|x86
		{09283E8F-167A-4C03-A7CB-9002C4667F6B}.Debug|x86.Build.0 = Debug|x86
		{09283E8F-167A-4C03-A7CB-9002C4667F6B}.Release|ARM.ActiveCfg = Release|ARM
		{09283E8F-167A-4C03-A7CB-9002C4667F6B}.Release|ARM.Build.0 = Release|ARM
		{09283E8F-167A-4C03-A7CB-9002C4667F6B}.Release|x64.ActiveCfg = Release|x64
		{09283E8F-167A-4C03-A7CB-9002C4667F6B}.Release|x64.Build.0 = Release|x64
		{09283E8F-167A-4C03-A7CB-9002C4667F6B}.Release|x86.ActiveCfg = Release|x86
		{09283E8F-167A-4C03-A7CB-9002C4667F6B}.Release|x86.Build.0 = Release|x86
	EndGlobalSection
	GlobalSection(SolutionProperties) = preSolution
		HideSolutionNode = FALSE
	EndGlobalSection
	GlobalSection(NestedProjects) = preSolution
		{C80951EC-02CE-44AC-BEE0-6720A69E1E48} = {D5D34B7E-1FB6-43F3-8B96-FE861317AA12}
	EndGlobalSection
EndGlobal
