<?xml version="1.0" encoding="utf-8"?>
<Project ToolsVersion="4.0" xmlns="http://schemas.microsoft.com/developer/msbuild/2003">
  <ItemGroup>
    <Filter Include="header">
      <UniqueIdentifier>{dc521f59-c833-495f-94f6-9de8e2ac9b91}</UniqueIdentifier>
    </Filter>
  </ItemGroup>
  <ItemGroup>
    <ClCompile Include="main.cpp" />
    <ClCompile Include="App\App.cpp" />
    <ClCompile Include="App\Enclave_u.c" />
    <ClCompile Include="App\ocalls.cpp" />
    <ClCompile Include="Enclave\Enclave.cpp" />
    <ClCompile Include="Enclave\Enclave_t.c" />
  </ItemGroup>
  <ItemGroup>
    <ClInclude Include="App\App.h" />
    <ClInclude Include="App\Enclave_u.h" />
    <ClInclude Include="Enclave\Enclave.h" />
    <ClInclude Include="Enclave\Enclave_t.h" />
  </ItemGroup>
  <ItemGroup>
    <None Include="Enclave\Enclave.edl" />
    <None Include="Makefile" />
  </ItemGroup>
</Project>