
Microsoft Visual Studio Solution File, Format Version 12.00
# Visual Studio 14
VisualStudioVersion = 14.0.25420.1
MinimumVisualStudioVersion = 10.0.40219.1
Project("{8BC9CEB8-8B4A-11D0-8D11-00A0C91BC942}") = "enclave", "enclave\enclave.vcxproj", "{7701A9E2-4079-4D30-8FC2-26C887534835}"
EndProject
Project("{8BC9CEB8-8B4A-11D0-8D11-00A0C91BC942}") = "host", "host\host.vcxproj", "{09283E8F-167A-4C03-A7CB-9002C4667F6B}"
EndProject
Global
	GlobalSection(SolutionConfigurationPlatforms) = preSolution
		Debug|ARM = Debug|ARM
		Debug|x64 = Debug|x64
		Debug|x86 = Debug|x86
		Release|ARM = Release|ARM
		Release|x64 = Release|x64
		Release|x86 = Release|x86
	EndGlobalSection
	GlobalSection(ProjectConfigurationPlatforms) = postSolution
		{7701A9E2-4079-4D30-8FC2-26C887534835}.Debug|ARM.ActiveCfg = Debug|ARM
		{7701A9E2-4079-4D30-8FC2-26C887534835}.Debug|ARM.Build.0 = Debug|ARM
		{7701A9E2-4079-4D30-8FC2-26C887534835}.Debug|x64.ActiveCfg = Debug|x64
		{7701A9E2-4079-4D30-8FC2-26C887534835}.Debug|x64.Build.0 = Debug|x64
		{7701A9E2-4079-4D30-8FC2-26C887534835}.Debug|x86.ActiveCfg = Debug|x86
		{7701A9E2-4079-4D30-8FC2-26C887534835}.Debug|x86.Build.0 = Debug|x86
		{7701A9E2-4079-4D30-8FC2-26C887534835}.Release|ARM.ActiveCfg = Release|ARM
		{7701A9E2-4079-4D30-8FC2-26C887534835}.Release|ARM.Build.0 = Release|ARM
		{7701A9E2-4079-4D30-8FC2-26C887534835}.Release|x64.ActiveCfg = Release|x64
		{7701A9E2-4079-4D30-8FC2-26C887534835}.Release|x64.Build.0 = Release|x64
		{7701A9E2-4079-4D30-8FC2-26C887534835}.Release|x86.ActiveCfg = Release|x86
		{7701A9E2-4079-4D30-8FC2-26C887534835}.Release|x86.Build.0 = Release|x86
		{09283E8F-167A-4C03-A7CB-9002C4667F6B}.Debug|ARM.ActiveCfg = Debug|ARM
		{09283E8F-167A-4C03-A7CB-9002C4667F6B}.Debug|ARM.Build.0 = Debug|ARM
		{09283E8F-167A-4C03-A7CB-9002C4667F6B}.Debug|x64.ActiveCfg = Debug|x64
		{09283E8F-167A-4C03-A7CB-9002C4667F6B}.Debug|x64.Build.0 = Debug|x64
		{09283E8F-167A-4C03-A7CB-9002C4667F6B}.Debug|x86.ActiveCfg = Debug|x86
		{09283E8F-167A-4C03-A7CB-9002C4667F6B}.Debug|x86.Build.0 = Debug|x86
		{09283E8F-167A-4C03-A7CB-9002C4667F6B}.Release|ARM.ActiveCfg = Release|ARM
		{09283E8F-167A-4C03-A7CB-9002C4667F6B}.Release|ARM.Build.0 = Release|ARM
		{09283E8F-167A-4C03-A7CB-9002C4667F6B}.Release|x64.ActiveCfg = Release|x64
		{09283E8F-167A-4C03-A7CB-9002C4667F6B}.Release|x64.Build.0 = Release|x64
		{09283E8F-167A-4C03-A7CB-9002C4667F6B}.Release|x86.ActiveCfg = Release|x86
		{09283E8F-167A-4C03-A7CB-9002C4667F6B}.Release|x86.Build.0 = Release|x86
	EndGlobalSection
	GlobalSection(SolutionProperties) = preSolution
		HideSolutionNode = FALSE
	EndGlobalSection
EndGlobal
